
Microsoft Visual Studio Solution File, Format Version 12.00
# Visual Studio Version 16
VisualStudioVersion = 16.0.29409.12
MinimumVisualStudioVersion = 10.0.40219.1
Project("{9A19103F-16F7-4668-BE54-9A1E7A4F7556}") = "ApiTicketingTool", "ApiTicketingTool\ApiTicketingTool\ApiTicketingTool.csproj", "{FC86AD8F-D8DB-4345-BF04-C8AF6F302136}"
EndProject
Project("{9A19103F-16F7-4668-BE54-9A1E7A4F7556}") = "ContextData", "ContextData\ContextData.csproj", "{F763A583-C8E9-4DAF-9E79-AFEB70139526}"
EndProject
Global
	GlobalSection(SolutionConfigurationPlatforms) = preSolution
		Debug|Any CPU = Debug|Any CPU
		Release|Any CPU = Release|Any CPU
	EndGlobalSection
	GlobalSection(ProjectConfigurationPlatforms) = postSolution
		{FC86AD8F-D8DB-4345-BF04-C8AF6F302136}.Debug|Any CPU.ActiveCfg = Debug|Any CPU
		{FC86AD8F-D8DB-4345-BF04-C8AF6F302136}.Debug|Any CPU.Build.0 = Debug|Any CPU
		{FC86AD8F-D8DB-4345-BF04-C8AF6F302136}.Release|Any CPU.ActiveCfg = Release|Any CPU
		{FC86AD8F-D8DB-4345-BF04-C8AF6F302136}.Release|Any CPU.Build.0 = Release|Any CPU
		{F763A583-C8E9-4DAF-9E79-AFEB70139526}.Debug|Any CPU.ActiveCfg = Debug|Any CPU
		{F763A583-C8E9-4DAF-9E79-AFEB70139526}.Debug|Any CPU.Build.0 = Debug|Any CPU
		{F763A583-C8E9-4DAF-9E79-AFEB70139526}.Release|Any CPU.ActiveCfg = Release|Any CPU
		{F763A583-C8E9-4DAF-9E79-AFEB70139526}.Release|Any CPU.Build.0 = Release|Any CPU
	EndGlobalSection
	GlobalSection(SolutionProperties) = preSolution
		HideSolutionNode = FALSE
	EndGlobalSection
	GlobalSection(ExtensibilityGlobals) = postSolution
		SolutionGuid = {C99689AE-A46D-4989-B525-C2CFE4675498}
	EndGlobalSection
EndGlobal
